// !$*UTF8*$!
{
	archiveVersion = 1;
	classes = {
	};
	objectVersion = 46;
	objects = {

/* Begin PBXBuildFile section */
		384571B91F32F5BA00216EE7 /* AppDelegate.swift in Sources */ = {isa = PBXBuildFile; fileRef = 384571B81F32F5BA00216EE7 /* AppDelegate.swift */; };
		384571BB1F32F5BA00216EE7 /* ViewController.swift in Sources */ = {isa = PBXBuildFile; fileRef = 384571BA1F32F5BA00216EE7 /* ViewController.swift */; };
		384571BE1F32F5BA00216EE7 /* Main.storyboard in Resources */ = {isa = PBXBuildFile; fileRef = 384571BC1F32F5BA00216EE7 /* Main.storyboard */; };
		384571C11F32F5BA00216EE7 /* MemorizeWord2.xcdatamodeld in Sources */ = {isa = PBXBuildFile; fileRef = 384571BF1F32F5BA00216EE7 /* MemorizeWord2.xcdatamodeld */; };
		384571C31F32F5BA00216EE7 /* Assets.xcassets in Resources */ = {isa = PBXBuildFile; fileRef = 384571C21F32F5BA00216EE7 /* Assets.xcassets */; };
		384571C61F32F5BA00216EE7 /* LaunchScreen.storyboard in Resources */ = {isa = PBXBuildFile; fileRef = 384571C41F32F5BA00216EE7 /* LaunchScreen.storyboard */; };
		384571D01F33458600216EE7 /* TestController.swift in Sources */ = {isa = PBXBuildFile; fileRef = 384571CF1F33458600216EE7 /* TestController.swift */; };
		384571D41F3345D700216EE7 /* ReultController.swift in Sources */ = {isa = PBXBuildFile; fileRef = 384571D31F3345D700216EE7 /* ReultController.swift */; };
/* End PBXBuildFile section */

/* Begin PBXFileReference section */
		384571B51F32F5BA00216EE7 /* MemorizeWord2.app */ = {isa = PBXFileReference; explicitFileType = wrapper.application; includeInIndex = 0; path = MemorizeWord2.app; sourceTree = BUILT_PRODUCTS_DIR; };
		384571B81F32F5BA00216EE7 /* AppDelegate.swift */ = {isa = PBXFileReference; lastKnownFileType = sourcecode.swift; path = AppDelegate.swift; sourceTree = "<group>"; };
		384571BA1F32F5BA00216EE7 /* ViewController.swift */ = {isa = PBXFileReference; lastKnownFileType = sourcecode.swift; path = ViewController.swift; sourceTree = "<group>"; };
		384571BD1F32F5BA00216EE7 /* Base */ = {isa = PBXFileReference; lastKnownFileType = file.storyboard; name = Base; path = Base.lproj/Main.storyboard; sourceTree = "<group>"; };
		384571C01F32F5BA00216EE7 /* MemorizeWord2.xcdatamodel */ = {isa = PBXFileReference; lastKnownFileType = wrapper.xcdatamodel; path = MemorizeWord2.xcdatamodel; sourceTree = "<group>"; };
		384571C21F32F5BA00216EE7 /* Assets.xcassets */ = {isa = PBXFileReference; lastKnownFileType = folder.assetcatalog; path = Assets.xcassets; sourceTree = "<group>"; };
		384571C51F32F5BA00216EE7 /* Base */ = {isa = PBXFileReference; lastKnownFileType = file.storyboard; name = Base; path = Base.lproj/LaunchScreen.storyboard; sourceTree = "<group>"; };
		384571C71F32F5BA00216EE7 /* Info.plist */ = {isa = PBXFileReference; lastKnownFileType = text.plist.xml; path = Info.plist; sourceTree = "<group>"; };
		384571CF1F33458600216EE7 /* TestController.swift */ = {isa = PBXFileReference; fileEncoding = 4; lastKnownFileType = sourcecode.swift; path = TestController.swift; sourceTree = "<group>"; };
		384571D31F3345D700216EE7 /* ReultController.swift */ = {isa = PBXFileReference; fileEncoding = 4; lastKnownFileType = sourcecode.swift; path = ReultController.swift; sourceTree = "<group>"; };
/* End PBXFileReference section */

/* Begin PBXFrameworksBuildPhase section */
		384571B21F32F5BA00216EE7 /* Frameworks */ = {
			isa = PBXFrameworksBuildPhase;
			buildActionMask = 2147483647;
			files = (
			);
			runOnlyForDeploymentPostprocessing = 0;
		};
/* End PBXFrameworksBuildPhase section */

/* Begin PBXGroup section */
		384571AC1F32F5BA00216EE7 = {
			isa = PBXGroup;
			children = (
				384571B71F32F5BA00216EE7 /* MemorizeWord2 */,
				384571B61F32F5BA00216EE7 /* Products */,
			);
			sourceTree = "<group>";
		};
		384571B61F32F5BA00216EE7 /* Products */ = {
			isa = PBXGroup;
			children = (
				384571B51F32F5BA00216EE7 /* MemorizeWord2.app */,
			);
			name = Products;
			sourceTree = "<group>";
		};
		384571B71F32F5BA00216EE7 /* MemorizeWord2 */ = {
			isa = PBXGroup;
			children = (
				384571B81F32F5BA00216EE7 /* AppDelegate.swift */,
				384571BA1F32F5BA00216EE7 /* ViewController.swift */,
				384571BC1F32F5BA00216EE7 /* Main.storyboard */,
				384571C21F32F5BA00216EE7 /* Assets.xcassets */,
				384571C41F32F5BA00216EE7 /* LaunchScreen.storyboard */,
				384571C71F32F5BA00216EE7 /* Info.plist */,
				384571BF1F32F5BA00216EE7 /* MemorizeWord2.xcdatamodeld */,
				384571CF1F33458600216EE7 /* TestController.swift */,
				384571D31F3345D700216EE7 /* ReultController.swift */,
			);
			path = MemorizeWord2;
			sourceTree = "<group>";
		};
/* End PBXGroup section */

/* Begin PBXNativeTarget section */
		384571B41F32F5BA00216EE7 /* MemorizeWord2 */ = {
			isa = PBXNativeTarget;
			buildConfigurationList = 384571CA1F32F5BA00216EE7 /* Build configuration list for PBXNativeTarget "MemorizeWord2" */;
			buildPhases = (
				384571B11F32F5BA00216EE7 /* Sources */,
				384571B21F32F5BA00216EE7 /* Frameworks */,
				384571B31F32F5BA00216EE7 /* Resources */,
			);
			buildRules = (
			);
			dependencies = (
			);
			name = MemorizeWord2;
			productName = MemorizeWord2;
			productReference = 384571B51F32F5BA00216EE7 /* MemorizeWord2.app */;
			productType = "com.apple.product-type.application";
		};
/* End PBXNativeTarget section */

/* Begin PBXProject section */
		384571AD1F32F5BA00216EE7 /* Project object */ = {
			isa = PBXProject;
			attributes = {
				LastSwiftUpdateCheck = 0830;
				LastUpgradeCheck = 0830;
				ORGANIZATIONNAME = kaiching;
				TargetAttributes = {
					384571B41F32F5BA00216EE7 = {
						CreatedOnToolsVersion = 8.3.3;
						DevelopmentTeam = F336DSZ4D9;
						ProvisioningStyle = Automatic;
					};
				};
			};
			buildConfigurationList = 384571B01F32F5BA00216EE7 /* Build configuration list for PBXProject "MemorizeWord2" */;
			compatibilityVersion = "Xcode 3.2";
			developmentRegion = English;
			hasScannedForEncodings = 0;
			knownRegions = (
				en,
				Base,
			);
			mainGroup = 384571AC1F32F5BA00216EE7;
			productRefGroup = 384571B61F32F5BA00216EE7 /* Products */;
			projectDirPath = "";
			projectRoot = "";
			targets = (
				384571B41F32F5BA00216EE7 /* MemorizeWord2 */,
			);
		};
/* End PBXProject section */

/* Begin PBXResourcesBuildPhase section */
		384571B31F32F5BA00216EE7 /* Resources */ = {
			isa = PBXResourcesBuildPhase;
			buildActionMask = 2147483647;
			files = (
				384571C61F32F5BA00216EE7 /* LaunchScreen.storyboard in Resources */,
				384571C31F32F5BA00216EE7 /* Assets.xcassets in Resources */,
				384571BE1F32F5BA00216EE7 /* Main.storyboard in Resources */,
			);
			runOnlyForDeploymentPostprocessing = 0;
		};
/* End PBXResourcesBuildPhase section */

/* Begin PBXSourcesBuildPhase section */
		384571B11F32F5BA00216EE7 /* Sources */ = {
			isa = PBXSourcesBuildPhase;
			buildActionMask = 2147483647;
			files = (
				384571BB1F32F5BA00216EE7 /* ViewController.swift in Sources */,
				384571B91F32F5BA00216EE7 /* AppDelegate.swift in Sources */,
				384571C11F32F5BA00216EE7 /* MemorizeWord2.xcdatamodeld in Sources */,
				384571D41F3345D700216EE7 /* ReultController.swift in Sources */,
				384571D01F33458600216EE7 /* TestController.swift in Sources */,
			);
			runOnlyForDeploymentPostprocessing = 0;
		};
/* End PBXSourcesBuildPhase section */

/* Begin PBXVariantGroup section */
		384571BC1F32F5BA00216EE7 /* Main.storyboard */ = {
			isa = PBXVariantGroup;
			children = (
				384571BD1F32F5BA00216EE7 /* Base */,
			);
			name = Main.storyboard;
			sourceTree = "<group>";
		};
		384571C41F32F5BA00216EE7 /* LaunchScreen.storyboard */ = {
			isa = PBXVariantGroup;
			children = (
				384571C51F32F5BA00216EE7 /* Base */,
			);
			name = LaunchScreen.storyboard;
			sourceTree = "<group>";
		};
/* End PBXVariantGroup section */

/* Begin XCBuildConfiguration section */
		384571C81F32F5BA00216EE7 /* Debug */ = {
			isa = XCBuildConfiguration;
			buildSettings = {
				ALWAYS_SEARCH_USER_PATHS = NO;
				CLANG_ANALYZER_NONNULL = YES;
				CLANG_ANALYZER_NUMBER_OBJECT_CONVERSION = YES_AGGRESSIVE;
				CLANG_CXX_LANGUAGE_STANDARD = "gnu++0x";
				CLANG_CXX_LIBRARY = "libc++";
				CLANG_ENABLE_MODULES = YES;
				CLANG_ENABLE_OBJC_ARC = YES;
				CLANG_WARN_BOOL_CONVERSION = YES;
				CLANG_WARN_CONSTANT_CONVERSION = YES;
				CLANG_WARN_DIRECT_OBJC_ISA_USAGE = YES_ERROR;
				CLANG_WARN_DOCUMENTATION_COMMENTS = YES;
				CLANG_WARN_EMPTY_BODY = YES;
				CLANG_WARN_ENUM_CONVERSION = YES;
				CLANG_WARN_INFINITE_RECURSION = YES;
				CLANG_WARN_INT_CONVERSION = YES;
				CLANG_WARN_OBJC_ROOT_CLASS = YES_ERROR;
				CLANG_WARN_SUSPICIOUS_MOVE = YES;
				CLANG_WARN_UNREACHABLE_CODE = YES;
				CLANG_WARN__DUPLICATE_METHOD_MATCH = YES;
				"CODE_SIGN_IDENTITY[sdk=iphoneos*]" = "iPhone Developer";
				COPY_PHASE_STRIP = NO;
				DEBUG_INFORMATION_FORMAT = dwarf;
				ENABLE_STRICT_OBJC_MSGSEND = YES;
				ENABLE_TESTABILITY = YES;
				GCC_C_LANGUAGE_STANDARD = gnu99;
				GCC_DYNAMIC_NO_PIC = NO;
				GCC_NO_COMMON_BLOCKS = YES;
				GCC_OPTIMIZATION_LEVEL = 0;
				GCC_PREPROCESSOR_DEFINITIONS = (
					"DEBUG=1",
					"$(inherited)",
				);
				GCC_WARN_64_TO_32_BIT_CONVERSION = YES;
				GCC_WARN_ABOUT_RETURN_TYPE = YES_ERROR;
				GCC_WARN_UNDECLARED_SELECTOR = YES;
				GCC_WARN_UNINITIALIZED_AUTOS = YES_AGGRESSIVE;
				GCC_WARN_UNUSED_FUNCTION = YES;
				GCC_WARN_UNUSED_VARIABLE = YES;
				IPHONEOS_DEPLOYMENT_TARGET = 10.3;
				MTL_ENABLE_DEBUG_INFO = YES;
				ONLY_ACTIVE_ARCH = YES;
				SDKROOT = iphoneos;
				SWIFT_ACTIVE_COMPILATION_CONDITIONS = DEBUG;
				SWIFT_OPTIMIZATION_LEVEL = "-Onone";
				TARGETED_DEVICE_FAMILY = "1,2";
			};
			name = Debug;
		};
		384571C91F32F5BA00216EE7 /* Release */ = {
			isa = XCBuildConfiguration;
			buildSettings = {
				ALWAYS_SEARCH_USER_PATHS = NO;
				CLANG_ANALYZER_NONNULL = YES;
				CLANG_ANALYZER_NUMBER_OBJECT_CONVERSION = YES_AGGRESSIVE;
				CLANG_CXX_LANGUAGE_STANDARD = "gnu++0x";
				CLANG_CXX_LIBRARY = "libc++";
				CLANG_ENABLE_MODULES = YES;
				CLANG_ENABLE_OBJC_ARC = YES;
				CLANG_WARN_BOOL_CONVERSION = YES;
				CLANG_WARN_CONSTANT_CONVERSION = YES;
				CLANG_WARN_DIRECT_OBJC_ISA_USAGE = YES_ERROR;
				CLANG_WARN_DOCUMENTATION_COMMENTS = YES;
				CLANG_WARN_EMPTY_BODY = YES;
				CLANG_WARN_ENUM_CONVERSION = YES;
				CLANG_WARN_INFINITE_RECURSION = YES;
				CLANG_WARN_INT_CONVERSION = YES;
				CLANG_WARN_OBJC_ROOT_CLASS = YES_ERROR;
				CLANG_WARN_SUSPICIOUS_MOVE = YES;
				CLANG_WARN_UNREACHABLE_CODE = YES;
				CLANG_WARN__DUPLICATE_METHOD_MATCH = YES;
				"CODE_SIGN_IDENTITY[sdk=iphoneos*]" = "iPhone Developer";
				COPY_PHASE_STRIP = NO;
				DEBUG_INFORMATION_FORMAT = "dwarf-with-dsym";
				ENABLE_NS_ASSERTIONS = NO;
				ENABLE_STRICT_OBJC_MSGSEND = YES;
				GCC_C_LANGUAGE_STANDARD = gnu99;
				GCC_NO_COMMON_BLOCKS = YES;
				GCC_WARN_64_TO_32_BIT_CONVERSION = YES;
				GCC_WARN_ABOUT_RETURN_TYPE = YES_ERROR;
				GCC_WARN_UNDECLARED_SELECTOR = YES;
				GCC_WARN_UNINITIALIZED_AUTOS = YES_AGGRESSIVE;
				GCC_WARN_UNUSED_FUNCTION = YES;
				GCC_WARN_UNUSED_VARIABLE = YES;
				IPHONEOS_DEPLOYMENT_TARGET = 10.3;
				MTL_ENABLE_DEBUG_INFO = NO;
				SDKROOT = iphoneos;
				SWIFT_OPTIMIZATION_LEVEL = "-Owholemodule";
				TARGETED_DEVICE_FAMILY = "1,2";
				VALIDATE_PRODUCT = YES;
			};
			name = Release;
		};
		384571CB1F32F5BA00216EE7 /* Debug */ = {
			isa = XCBuildConfiguration;
			buildSettings = {
				ASSETCATALOG_COMPILER_APPICON_NAME = AppIcon;
				DEVELOPMENT_TEAM = F336DSZ4D9;
				INFOPLIST_FILE = MemorizeWord2/Info.plist;
				LD_RUNPATH_SEARCH_PATHS = "$(inherited) @executable_path/Frameworks";
				PRODUCT_BUNDLE_IDENTIFIER = kaiching.org.MemorizeWord2;
				PRODUCT_NAME = "$(TARGET_NAME)";
				SWIFT_VERSION = 3.0;
			};
			name = Debug;
		};
		384571CC1F32F5BA00216EE7 /* Release */ = {
			isa = XCBuildConfiguration;
			buildSettings = {
				ASSETCATALOG_COMPILER_APPICON_NAME = AppIcon;
				DEVELOPMENT_TEAM = F336DSZ4D9;
				INFOPLIST_FILE = MemorizeWord2/Info.plist;
				LD_RUNPATH_SEARCH_PATHS = "$(inherited) @executable_path/Frameworks";
				PRODUCT_BUNDLE_IDENTIFIER = kaiching.org.MemorizeWord2;
				PRODUCT_NAME = "$(TARGET_NAME)";
				SWIFT_VERSION = 3.0;
			};
			name = Release;
		};
/* End XCBuildConfiguration section */

/* Begin XCConfigurationList section */
		384571B01F32F5BA00216EE7 /* Build configuration list for PBXProject "MemorizeWord2" */ = {
			isa = XCConfigurationList;
			buildConfigurations = (
				384571C81F32F5BA00216EE7 /* Debug */,
				384571C91F32F5BA00216EE7 /* Release */,
			);
			defaultConfigurationIsVisible = 0;
			defaultConfigurationName = Release;
		};
		384571CA1F32F5BA00216EE7 /* Build configuration list for PBXNativeTarget "MemorizeWord2" */ = {
			isa = XCConfigurationList;
			buildConfigurations = (
				384571CB1F32F5BA00216EE7 /* Debug */,
				384571CC1F32F5BA00216EE7 /* Release */,
			);
			defaultConfigurationIsVisible = 0;
			defaultConfigurationName = Release;
		};
/* End XCConfigurationList section */

/* Begin XCVersionGroup section */
		384571BF1F32F5BA00216EE7 /* MemorizeWord2.xcdatamodeld */ = {
			isa = XCVersionGroup;
			children = (
				384571C01F32F5BA00216EE7 /* MemorizeWord2.xcdatamodel */,
			);
			currentVersion = 384571C01F32F5BA00216EE7 /* MemorizeWord2.xcdatamodel */;
			path = MemorizeWord2.xcdatamodeld;
			sourceTree = "<group>";
			versionGroupType = wrapper.xcdatamodel;
		};
/* End XCVersionGroup section */
	};
	rootObject = 384571AD1F32F5BA00216EE7 /* Project object */;
}
